
Microsoft Visual Studio Solution File, Format Version 12.00
# Visual Studio 15
VisualStudioVersion = 15.0.28010.2026
MinimumVisualStudioVersion = 10.0.40219.1
Project("{159641D6-6404-4A2A-AE62-294DE0FE8301}") = "SSIS Project Basic", "SSIS Project Basic\SSIS Project Basic.dtproj", "{B9D025FF-ED27-4B26-8E50-7220A92F76D2}"
EndProject
Global
	GlobalSection(SolutionConfigurationPlatforms) = preSolution
		Development|Default = Development|Default
	EndGlobalSection
	GlobalSection(ProjectConfigurationPlatforms) = postSolution
		{B9D025FF-ED27-4B26-8E50-7220A92F76D2}.Development|Default.ActiveCfg = Development
		{B9D025FF-ED27-4B26-8E50-7220A92F76D2}.Development|Default.Build.0 = Development
	EndGlobalSection
	GlobalSection(SolutionProperties) = preSolution
		HideSolutionNode = FALSE
	EndGlobalSection
	GlobalSection(ExtensibilityGlobals) = postSolution
		SolutionGuid = {5E7F2AD5-380A-41D3-82B3-C5DF3DB90B11}
	EndGlobalSection
EndGlobal
